{
  "name": "vision-agent",
  "version": "2.3.4-hardened-realtime",
  "lockfileVersion": 3,
  "requires": true,
  "packages": {
    "": {
      "name": "vision-agent",
      "version": "2.3.4-hardened-realtime",
      "bin": {
        "vision-agent": "bin/vision-agent.js"
      },
      "engines": {
        "node": ">=20.0.0 <21.0.0"
      }
    }
  }
}
